{
  "name": "simplytasks",
  "version": "1.0.0",
  "lockfileVersion": 3,
  "requires": true,
  "packages": {
    "": {
      "name": "simplytasks",
      "version": "1.0.0",
      "license": "ISC",
      "workspaces": [
        "packages/backend",
        "packages/frontend",
        "packages/common"
      ],
      "devDependencies": {
        "typescript": "^5.1.3"
      }
    },
    "node_modules/@simplytasks/backend": {
      "resolved": "packages/backend",
      "link": true
    },
    "node_modules/@simplytasks/common": {
      "resolved": "packages/common",
      "link": true
    },
    "node_modules/@simplytasks/frontend": {
      "resolved": "packages/frontend",
      "link": true
    },
    "node_modules/typescript": {
      "version": "5.1.3",
      "resolved": "https://registry.npmjs.org/typescript/-/typescript-5.1.3.tgz",
      "integrity": "sha512-XH627E9vkeqhlZFQuL+UsyAXEnibT0kWR2FWONlr4sTjvxyJYnyefgrkyECLzM5NenmKzRAy2rR/OlYLA1HkZw==",
      "dev": true,
      "bin": {
        "tsc": "bin/tsc",
        "tsserver": "bin/tsserver"
      },
      "engines": {
        "node": ">=14.17"
      }
    },
    "packages/backend": {
      "name": "@simplytasks/backend",
      "version": "1.0.0",
      "license": "ISC",
      "dependencies": {
        "@simplytasks/common": "^1.0.0"
      }
    },
    "packages/common": {
      "name": "@simplytasks/common",
      "version": "1.0.0",
      "license": "ISC",
      "devDependencies": {}
    },
    "packages/frontend": {
      "name": "@simplytasks/frontend",
      "version": "1.0.0",
      "license": "ISC",
      "dependencies": {
        "@simplytasks/common": "^1.0.0"
      }
    }
  }
}
